// !$*UTF8*$!
{
	archiveVersion = 1;
	classes = {
	};
	objectVersion = 56;
	objects = {

/* Begin PBXBuildFile section */
		4097FBB12B614030002FC779 /* AppDelegate.swift in Sources */ = {isa = PBXBuildFile; fileRef = 4097FBB02B614030002FC779 /* AppDelegate.swift */; };
		4097FBB32B614030002FC779 /* SceneDelegate.swift in Sources */ = {isa = PBXBuildFile; fileRef = 4097FBB22B614030002FC779 /* SceneDelegate.swift */; };
		4097FBB52B614030002FC779 /* ViewController.swift in Sources */ = {isa = PBXBuildFile; fileRef = 4097FBB42B614030002FC779 /* ViewController.swift */; };
		4097FBB82B614030002FC779 /* Main.storyboard in Resources */ = {isa = PBXBuildFile; fileRef = 4097FBB62B614030002FC779 /* Main.storyboard */; };
		4097FBBA2B614032002FC779 /* Assets.xcassets in Resources */ = {isa = PBXBuildFile; fileRef = 4097FBB92B614032002FC779 /* Assets.xcassets */; };
		4097FBBD2B614032002FC779 /* LaunchScreen.storyboard in Resources */ = {isa = PBXBuildFile; fileRef = 4097FBBB2B614032002FC779 /* LaunchScreen.storyboard */; };
		4097FBC82B614032002FC779 /* PoliceChaseTests.swift in Sources */ = {isa = PBXBuildFile; fileRef = 4097FBC72B614032002FC779 /* PoliceChaseTests.swift */; };
		4097FBD22B614032002FC779 /* PoliceChaseUITests.swift in Sources */ = {isa = PBXBuildFile; fileRef = 4097FBD12B614032002FC779 /* PoliceChaseUITests.swift */; };
		4097FBD42B614032002FC779 /* PoliceChaseUITestsLaunchTests.swift in Sources */ = {isa = PBXBuildFile; fileRef = 4097FBD32B614032002FC779 /* PoliceChaseUITestsLaunchTests.swift */; };
		4097FBE12B614394002FC779 /* ChaseViewController.swift in Sources */ = {isa = PBXBuildFile; fileRef = 4097FBE02B614394002FC779 /* ChaseViewController.swift */; };
		4097FBE32B6144D9002FC779 /* ChaseTableViewCell.swift in Sources */ = {isa = PBXBuildFile; fileRef = 4097FBE22B6144D9002FC779 /* ChaseTableViewCell.swift */; };
/* End PBXBuildFile section */

/* Begin PBXContainerItemProxy section */
		4097FBC42B614032002FC779 /* PBXContainerItemProxy */ = {
			isa = PBXContainerItemProxy;
			containerPortal = 4097FBA52B614030002FC779 /* Project object */;
			proxyType = 1;
			remoteGlobalIDString = 4097FBAC2B614030002FC779;
			remoteInfo = PoliceChase;
		};
		4097FBCE2B614032002FC779 /* PBXContainerItemProxy */ = {
			isa = PBXContainerItemProxy;
			containerPortal = 4097FBA52B614030002FC779 /* Project object */;
			proxyType = 1;
			remoteGlobalIDString = 4097FBAC2B614030002FC779;
			remoteInfo = PoliceChase;
		};
/* End PBXContainerItemProxy section */

/* Begin PBXFileReference section */
		4097FBAD2B614030002FC779 /* PoliceChase.app */ = {isa = PBXFileReference; explicitFileType = wrapper.application; includeInIndex = 0; path = PoliceChase.app; sourceTree = BUILT_PRODUCTS_DIR; };
		4097FBB02B614030002FC779 /* AppDelegate.swift */ = {isa = PBXFileReference; lastKnownFileType = sourcecode.swift; path = AppDelegate.swift; sourceTree = "<group>"; };
		4097FBB22B614030002FC779 /* SceneDelegate.swift */ = {isa = PBXFileReference; lastKnownFileType = sourcecode.swift; path = SceneDelegate.swift; sourceTree = "<group>"; };
		4097FBB42B614030002FC779 /* ViewController.swift */ = {isa = PBXFileReference; lastKnownFileType = sourcecode.swift; path = ViewController.swift; sourceTree = "<group>"; };
		4097FBB72B614030002FC779 /* Base */ = {isa = PBXFileReference; lastKnownFileType = file.storyboard; name = Base; path = Base.lproj/Main.storyboard; sourceTree = "<group>"; };
		4097FBB92B614032002FC779 /* Assets.xcassets */ = {isa = PBXFileReference; lastKnownFileType = folder.assetcatalog; path = Assets.xcassets; sourceTree = "<group>"; };
		4097FBBC2B614032002FC779 /* Base */ = {isa = PBXFileReference; lastKnownFileType = file.storyboard; name = Base; path = Base.lproj/LaunchScreen.storyboard; sourceTree = "<group>"; };
		4097FBBE2B614032002FC779 /* Info.plist */ = {isa = PBXFileReference; lastKnownFileType = text.plist.xml; path = Info.plist; sourceTree = "<group>"; };
		4097FBC32B614032002FC779 /* PoliceChaseTests.xctest */ = {isa = PBXFileReference; explicitFileType = wrapper.cfbundle; includeInIndex = 0; path = PoliceChaseTests.xctest; sourceTree = BUILT_PRODUCTS_DIR; };
		4097FBC72B614032002FC779 /* PoliceChaseTests.swift */ = {isa = PBXFileReference; lastKnownFileType = sourcecode.swift; path = PoliceChaseTests.swift; sourceTree = "<group>"; };
		4097FBCD2B614032002FC779 /* PoliceChaseUITests.xctest */ = {isa = PBXFileReference; explicitFileType = wrapper.cfbundle; includeInIndex = 0; path = PoliceChaseUITests.xctest; sourceTree = BUILT_PRODUCTS_DIR; };
		4097FBD12B614032002FC779 /* PoliceChaseUITests.swift */ = {isa = PBXFileReference; lastKnownFileType = sourcecode.swift; path = PoliceChaseUITests.swift; sourceTree = "<group>"; };
		4097FBD32B614032002FC779 /* PoliceChaseUITestsLaunchTests.swift */ = {isa = PBXFileReference; lastKnownFileType = sourcecode.swift; path = PoliceChaseUITestsLaunchTests.swift; sourceTree = "<group>"; };
		4097FBE02B614394002FC779 /* ChaseViewController.swift */ = {isa = PBXFileReference; lastKnownFileType = sourcecode.swift; path = ChaseViewController.swift; sourceTree = "<group>"; };
		4097FBE22B6144D9002FC779 /* ChaseTableViewCell.swift */ = {isa = PBXFileReference; lastKnownFileType = sourcecode.swift; path = ChaseTableViewCell.swift; sourceTree = "<group>"; };
/* End PBXFileReference section */

/* Begin PBXFrameworksBuildPhase section */
		4097FBAA2B614030002FC779 /* Frameworks */ = {
			isa = PBXFrameworksBuildPhase;
			buildActionMask = 2147483647;
			files = (
			);
			runOnlyForDeploymentPostprocessing = 0;
		};
		4097FBC02B614032002FC779 /* Frameworks */ = {
			isa = PBXFrameworksBuildPhase;
			buildActionMask = 2147483647;
			files = (
			);
			runOnlyForDeploymentPostprocessing = 0;
		};
		4097FBCA2B614032002FC779 /* Frameworks */ = {
			isa = PBXFrameworksBuildPhase;
			buildActionMask = 2147483647;
			files = (
			);
			runOnlyForDeploymentPostprocessing = 0;
		};
/* End PBXFrameworksBuildPhase section */

/* Begin PBXGroup section */
		4097FBA42B614030002FC779 = {
			isa = PBXGroup;
			children = (
				4097FBAF2B614030002FC779 /* PoliceChase */,
				4097FBC62B614032002FC779 /* PoliceChaseTests */,
				4097FBD02B614032002FC779 /* PoliceChaseUITests */,
				4097FBAE2B614030002FC779 /* Products */,
			);
			sourceTree = "<group>";
		};
		4097FBAE2B614030002FC779 /* Products */ = {
			isa = PBXGroup;
			children = (
				4097FBAD2B614030002FC779 /* PoliceChase.app */,
				4097FBC32B614032002FC779 /* PoliceChaseTests.xctest */,
				4097FBCD2B614032002FC779 /* PoliceChaseUITests.xctest */,
			);
			name = Products;
			sourceTree = "<group>";
		};
		4097FBAF2B614030002FC779 /* PoliceChase */ = {
			isa = PBXGroup;
			children = (
				4097FBB02B614030002FC779 /* AppDelegate.swift */,
				4097FBB22B614030002FC779 /* SceneDelegate.swift */,
				4097FBB42B614030002FC779 /* ViewController.swift */,
				4097FBB62B614030002FC779 /* Main.storyboard */,
				4097FBB92B614032002FC779 /* Assets.xcassets */,
				4097FBBB2B614032002FC779 /* LaunchScreen.storyboard */,
				4097FBBE2B614032002FC779 /* Info.plist */,
				4097FBE02B614394002FC779 /* ChaseViewController.swift */,
				4097FBE22B6144D9002FC779 /* ChaseTableViewCell.swift */,
			);
			path = PoliceChase;
			sourceTree = "<group>";
		};
		4097FBC62B614032002FC779 /* PoliceChaseTests */ = {
			isa = PBXGroup;
			children = (
				4097FBC72B614032002FC779 /* PoliceChaseTests.swift */,
			);
			path = PoliceChaseTests;
			sourceTree = "<group>";
		};
		4097FBD02B614032002FC779 /* PoliceChaseUITests */ = {
			isa = PBXGroup;
			children = (
				4097FBD12B614032002FC779 /* PoliceChaseUITests.swift */,
				4097FBD32B614032002FC779 /* PoliceChaseUITestsLaunchTests.swift */,
			);
			path = PoliceChaseUITests;
			sourceTree = "<group>";
		};
/* End PBXGroup section */

/* Begin PBXNativeTarget section */
		4097FBAC2B614030002FC779 /* PoliceChase */ = {
			isa = PBXNativeTarget;
			buildConfigurationList = 4097FBD72B614032002FC779 /* Build configuration list for PBXNativeTarget "PoliceChase" */;
			buildPhases = (
				4097FBA92B614030002FC779 /* Sources */,
				4097FBAA2B614030002FC779 /* Frameworks */,
				4097FBAB2B614030002FC779 /* Resources */,
			);
			buildRules = (
			);
			dependencies = (
			);
			name = PoliceChase;
			productName = PoliceChase;
			productReference = 4097FBAD2B614030002FC779 /* PoliceChase.app */;
			productType = "com.apple.product-type.application";
		};
		4097FBC22B614032002FC779 /* PoliceChaseTests */ = {
			isa = PBXNativeTarget;
			buildConfigurationList = 4097FBDA2B614032002FC779 /* Build configuration list for PBXNativeTarget "PoliceChaseTests" */;
			buildPhases = (
				4097FBBF2B614032002FC779 /* Sources */,
				4097FBC02B614032002FC779 /* Frameworks */,
				4097FBC12B614032002FC779 /* Resources */,
			);
			buildRules = (
			);
			dependencies = (
				4097FBC52B614032002FC779 /* PBXTargetDependency */,
			);
			name = PoliceChaseTests;
			productName = PoliceChaseTests;
			productReference = 4097FBC32B614032002FC779 /* PoliceChaseTests.xctest */;
			productType = "com.apple.product-type.bundle.unit-test";
		};
		4097FBCC2B614032002FC779 /* PoliceChaseUITests */ = {
			isa = PBXNativeTarget;
			buildConfigurationList = 4097FBDD2B614032002FC779 /* Build configuration list for PBXNativeTarget "PoliceChaseUITests" */;
			buildPhases = (
				4097FBC92B614032002FC779 /* Sources */,
				4097FBCA2B614032002FC779 /* Frameworks */,
				4097FBCB2B614032002FC779 /* Resources */,
			);
			buildRules = (
			);
			dependencies = (
				4097FBCF2B614032002FC779 /* PBXTargetDependency */,
			);
			name = PoliceChaseUITests;
			productName = PoliceChaseUITests;
			productReference = 4097FBCD2B614032002FC779 /* PoliceChaseUITests.xctest */;
			productType = "com.apple.product-type.bundle.ui-testing";
		};
/* End PBXNativeTarget section */

/* Begin PBXProject section */
		4097FBA52B614030002FC779 /* Project object */ = {
			isa = PBXProject;
			attributes = {
				BuildIndependentTargetsInParallel = 1;
				LastSwiftUpdateCheck = 1510;
				LastUpgradeCheck = 1510;
				TargetAttributes = {
					4097FBAC2B614030002FC779 = {
						CreatedOnToolsVersion = 15.1;
					};
					4097FBC22B614032002FC779 = {
						CreatedOnToolsVersion = 15.1;
						TestTargetID = 4097FBAC2B614030002FC779;
					};
					4097FBCC2B614032002FC779 = {
						CreatedOnToolsVersion = 15.1;
						TestTargetID = 4097FBAC2B614030002FC779;
					};
				};
			};
			buildConfigurationList = 4097FBA82B614030002FC779 /* Build configuration list for PBXProject "PoliceChase" */;
			compatibilityVersion = "Xcode 14.0";
			developmentRegion = en;
			hasScannedForEncodings = 0;
			knownRegions = (
				en,
				Base,
			);
			mainGroup = 4097FBA42B614030002FC779;
			productRefGroup = 4097FBAE2B614030002FC779 /* Products */;
			projectDirPath = "";
			projectRoot = "";
			targets = (
				4097FBAC2B614030002FC779 /* PoliceChase */,
				4097FBC22B614032002FC779 /* PoliceChaseTests */,
				4097FBCC2B614032002FC779 /* PoliceChaseUITests */,
			);
		};
/* End PBXProject section */

/* Begin PBXResourcesBuildPhase section */
		4097FBAB2B614030002FC779 /* Resources */ = {
			isa = PBXResourcesBuildPhase;
			buildActionMask = 2147483647;
			files = (
				4097FBBD2B614032002FC779 /* LaunchScreen.storyboard in Resources */,
				4097FBBA2B614032002FC779 /* Assets.xcassets in Resources */,
				4097FBB82B614030002FC779 /* Main.storyboard in Resources */,
			);
			runOnlyForDeploymentPostprocessing = 0;
		};
		4097FBC12B614032002FC779 /* Resources */ = {
			isa = PBXResourcesBuildPhase;
			buildActionMask = 2147483647;
			files = (
			);
			runOnlyForDeploymentPostprocessing = 0;
		};
		4097FBCB2B614032002FC779 /* Resources */ = {
			isa = PBXResourcesBuildPhase;
			buildActionMask = 2147483647;
			files = (
			);
			runOnlyForDeploymentPostprocessing = 0;
		};
/* End PBXResourcesBuildPhase section */

/* Begin PBXSourcesBuildPhase section */
		4097FBA92B614030002FC779 /* Sources */ = {
			isa = PBXSourcesBuildPhase;
			buildActionMask = 2147483647;
			files = (
				4097FBB52B614030002FC779 /* ViewController.swift in Sources */,
				4097FBB12B614030002FC779 /* AppDelegate.swift in Sources */,
				4097FBE32B6144D9002FC779 /* ChaseTableViewCell.swift in Sources */,
				4097FBB32B614030002FC779 /* SceneDelegate.swift in Sources */,
				4097FBE12B614394002FC779 /* ChaseViewController.swift in Sources */,
			);
			runOnlyForDeploymentPostprocessing = 0;
		};
		4097FBBF2B614032002FC779 /* Sources */ = {
			isa = PBXSourcesBuildPhase;
			buildActionMask = 2147483647;
			files = (
				4097FBC82B614032002FC779 /* PoliceChaseTests.swift in Sources */,
			);
			runOnlyForDeploymentPostprocessing = 0;
		};
		4097FBC92B614032002FC779 /* Sources */ = {
			isa = PBXSourcesBuildPhase;
			buildActionMask = 2147483647;
			files = (
				4097FBD22B614032002FC779 /* PoliceChaseUITests.swift in Sources */,
				4097FBD42B614032002FC779 /* PoliceChaseUITestsLaunchTests.swift in Sources */,
			);
			runOnlyForDeploymentPostprocessing = 0;
		};
/* End PBXSourcesBuildPhase section */

/* Begin PBXTargetDependency section */
		4097FBC52B614032002FC779 /* PBXTargetDependency */ = {
			isa = PBXTargetDependency;
			target = 4097FBAC2B614030002FC779 /* PoliceChase */;
			targetProxy = 4097FBC42B614032002FC779 /* PBXContainerItemProxy */;
		};
		4097FBCF2B614032002FC779 /* PBXTargetDependency */ = {
			isa = PBXTargetDependency;
			target = 4097FBAC2B614030002FC779 /* PoliceChase */;
			targetProxy = 4097FBCE2B614032002FC779 /* PBXContainerItemProxy */;
		};
/* End PBXTargetDependency section */

/* Begin PBXVariantGroup section */
		4097FBB62B614030002FC779 /* Main.storyboard */ = {
			isa = PBXVariantGroup;
			children = (
				4097FBB72B614030002FC779 /* Base */,
			);
			name = Main.storyboard;
			sourceTree = "<group>";
		};
		4097FBBB2B614032002FC779 /* LaunchScreen.storyboard */ = {
			isa = PBXVariantGroup;
			children = (
				4097FBBC2B614032002FC779 /* Base */,
			);
			name = LaunchScreen.storyboard;
			sourceTree = "<group>";
		};
/* End PBXVariantGroup section */

/* Begin XCBuildConfiguration section */
		4097FBD52B614032002FC779 /* Debug */ = {
			isa = XCBuildConfiguration;
			buildSettings = {
				ALWAYS_SEARCH_USER_PATHS = NO;
				ASSETCATALOG_COMPILER_GENERATE_SWIFT_ASSET_SYMBOL_EXTENSIONS = YES;
				CLANG_ANALYZER_NONNULL = YES;
				CLANG_ANALYZER_NUMBER_OBJECT_CONVERSION = YES_AGGRESSIVE;
				CLANG_CXX_LANGUAGE_STANDARD = "gnu++20";
				CLANG_ENABLE_MODULES = YES;
				CLANG_ENABLE_OBJC_ARC = YES;
				CLANG_ENABLE_OBJC_WEAK = YES;
				CLANG_WARN_BLOCK_CAPTURE_AUTORELEASING = YES;
				CLANG_WARN_BOOL_CONVERSION = YES;
				CLANG_WARN_COMMA = YES;
				CLANG_WARN_CONSTANT_CONVERSION = YES;
				CLANG_WARN_DEPRECATED_OBJC_IMPLEMENTATIONS = YES;
				CLANG_WARN_DIRECT_OBJC_ISA_USAGE = YES_ERROR;
				CLANG_WARN_DOCUMENTATION_COMMENTS = YES;
				CLANG_WARN_EMPTY_BODY = YES;
				CLANG_WARN_ENUM_CONVERSION = YES;
				CLANG_WARN_INFINITE_RECURSION = YES;
				CLANG_WARN_INT_CONVERSION = YES;
				CLANG_WARN_NON_LITERAL_NULL_CONVERSION = YES;
				CLANG_WARN_OBJC_IMPLICIT_RETAIN_SELF = YES;
				CLANG_WARN_OBJC_LITERAL_CONVERSION = YES;
				CLANG_WARN_OBJC_ROOT_CLASS = YES_ERROR;
				CLANG_WARN_QUOTED_INCLUDE_IN_FRAMEWORK_HEADER = YES;
				CLANG_WARN_RANGE_LOOP_ANALYSIS = YES;
				CLANG_WARN_STRICT_PROTOTYPES = YES;
				CLANG_WARN_SUSPICIOUS_MOVE = YES;
				CLANG_WARN_UNGUARDED_AVAILABILITY = YES_AGGRESSIVE;
				CLANG_WARN_UNREACHABLE_CODE = YES;
				CLANG_WARN__DUPLICATE_METHOD_MATCH = YES;
				COPY_PHASE_STRIP = NO;
				DEBUG_INFORMATION_FORMAT = dwarf;
				ENABLE_STRICT_OBJC_MSGSEND = YES;
				ENABLE_TESTABILITY = YES;
				ENABLE_USER_SCRIPT_SANDBOXING = YES;
				GCC_C_LANGUAGE_STANDARD = gnu17;
				GCC_DYNAMIC_NO_PIC = NO;
				GCC_NO_COMMON_BLOCKS = YES;
				GCC_OPTIMIZATION_LEVEL = 0;
				GCC_PREPROCESSOR_DEFINITIONS = (
					"DEBUG=1",
					"$(inherited)",
				);
				GCC_WARN_64_TO_32_BIT_CONVERSION = YES;
				GCC_WARN_ABOUT_RETURN_TYPE = YES_ERROR;
				GCC_WARN_UNDECLARED_SELECTOR = YES;
				GCC_WARN_UNINITIALIZED_AUTOS = YES_AGGRESSIVE;
				GCC_WARN_UNUSED_FUNCTION = YES;
				GCC_WARN_UNUSED_VARIABLE = YES;
				IPHONEOS_DEPLOYMENT_TARGET = 17.2;
				LOCALIZATION_PREFERS_STRING_CATALOGS = YES;
				MTL_ENABLE_DEBUG_INFO = INCLUDE_SOURCE;
				MTL_FAST_MATH = YES;
				ONLY_ACTIVE_ARCH = YES;
				SDKROOT = iphoneos;
				SWIFT_ACTIVE_COMPILATION_CONDITIONS = "DEBUG $(inherited)";
				SWIFT_OPTIMIZATION_LEVEL = "-Onone";
			};
			name = Debug;
		};
		4097FBD62B614032002FC779 /* Release */ = {
			isa = XCBuildConfiguration;
			buildSettings = {
				ALWAYS_SEARCH_USER_PATHS = NO;
				ASSETCATALOG_COMPILER_GENERATE_SWIFT_ASSET_SYMBOL_EXTENSIONS = YES;
				CLANG_ANALYZER_NONNULL = YES;
				CLANG_ANALYZER_NUMBER_OBJECT_CONVERSION = YES_AGGRESSIVE;
				CLANG_CXX_LANGUAGE_STANDARD = "gnu++20";
				CLANG_ENABLE_MODULES = YES;
				CLANG_ENABLE_OBJC_ARC = YES;
				CLANG_ENABLE_OBJC_WEAK = YES;
				CLANG_WARN_BLOCK_CAPTURE_AUTORELEASING = YES;
				CLANG_WARN_BOOL_CONVERSION = YES;
				CLANG_WARN_COMMA = YES;
				CLANG_WARN_CONSTANT_CONVERSION = YES;
				CLANG_WARN_DEPRECATED_OBJC_IMPLEMENTATIONS = YES;
				CLANG_WARN_DIRECT_OBJC_ISA_USAGE = YES_ERROR;
				CLANG_WARN_DOCUMENTATION_COMMENTS = YES;
				CLANG_WARN_EMPTY_BODY = YES;
				CLANG_WARN_ENUM_CONVERSION = YES;
				CLANG_WARN_INFINITE_RECURSION = YES;
				CLANG_WARN_INT_CONVERSION = YES;
				CLANG_WARN_NON_LITERAL_NULL_CONVERSION = YES;
				CLANG_WARN_OBJC_IMPLICIT_RETAIN_SELF = YES;
				CLANG_WARN_OBJC_LITERAL_CONVERSION = YES;
				CLANG_WARN_OBJC_ROOT_CLASS = YES_ERROR;
				CLANG_WARN_QUOTED_INCLUDE_IN_FRAMEWORK_HEADER = YES;
				CLANG_WARN_RANGE_LOOP_ANALYSIS = YES;
				CLANG_WARN_STRICT_PROTOTYPES = YES;
				CLANG_WARN_SUSPICIOUS_MOVE = YES;
				CLANG_WARN_UNGUARDED_AVAILABILITY = YES_AGGRESSIVE;
				CLANG_WARN_UNREACHABLE_CODE = YES;
				CLANG_WARN__DUPLICATE_METHOD_MATCH = YES;
				COPY_PHASE_STRIP = NO;
				DEBUG_INFORMATION_FORMAT = "dwarf-with-dsym";
				ENABLE_NS_ASSERTIONS = NO;
				ENABLE_STRICT_OBJC_MSGSEND = YES;
				ENABLE_USER_SCRIPT_SANDBOXING = YES;
				GCC_C_LANGUAGE_STANDARD = gnu17;
				GCC_NO_COMMON_BLOCKS = YES;
				GCC_WARN_64_TO_32_BIT_CONVERSION = YES;
				GCC_WARN_ABOUT_RETURN_TYPE = YES_ERROR;
				GCC_WARN_UNDECLARED_SELECTOR = YES;
				GCC_WARN_UNINITIALIZED_AUTOS = YES_AGGRESSIVE;
				GCC_WARN_UNUSED_FUNCTION = YES;
				GCC_WARN_UNUSED_VARIABLE = YES;
				IPHONEOS_DEPLOYMENT_TARGET = 17.2;
				LOCALIZATION_PREFERS_STRING_CATALOGS = YES;
				MTL_ENABLE_DEBUG_INFO = NO;
				MTL_FAST_MATH = YES;
				SDKROOT = iphoneos;
				SWIFT_COMPILATION_MODE = wholemodule;
				VALIDATE_PRODUCT = YES;
			};
			name = Release;
		};
		4097FBD82B614032002FC779 /* Debug */ = {
			isa = XCBuildConfiguration;
			buildSettings = {
				ASSETCATALOG_COMPILER_APPICON_NAME = AppIcon;
				ASSETCATALOG_COMPILER_GLOBAL_ACCENT_COLOR_NAME = AccentColor;
				CODE_SIGN_STYLE = Automatic;
				CURRENT_PROJECT_VERSION = 1;
				GENERATE_INFOPLIST_FILE = YES;
				INFOPLIST_FILE = PoliceChase/Info.plist;
				INFOPLIST_KEY_UIApplicationSupportsIndirectInputEvents = YES;
				INFOPLIST_KEY_UILaunchStoryboardName = LaunchScreen;
				INFOPLIST_KEY_UIMainStoryboardFile = Main;
				INFOPLIST_KEY_UISupportedInterfaceOrientations_iPad = "UIInterfaceOrientationPortrait UIInterfaceOrientationPortraitUpsideDown UIInterfaceOrientationLandscapeLeft UIInterfaceOrientationLandscapeRight";
				INFOPLIST_KEY_UISupportedInterfaceOrientations_iPhone = "UIInterfaceOrientationPortrait UIInterfaceOrientationLandscapeLeft UIInterfaceOrientationLandscapeRight";
				LD_RUNPATH_SEARCH_PATHS = (
					"$(inherited)",
					"@executable_path/Frameworks",
				);
				MARKETING_VERSION = 1.0;
				PRODUCT_BUNDLE_IDENTIFIER = com.shivammaggu.PoliceChase;
				PRODUCT_NAME = "$(TARGET_NAME)";
				SWIFT_EMIT_LOC_STRINGS = YES;
				SWIFT_VERSION = 5.0;
				TARGETED_DEVICE_FAMILY = "1,2";
			};
			name = Debug;
		};
		4097FBD92B614032002FC779 /* Release */ = {
			isa = XCBuildConfiguration;
			buildSettings = {
				ASSETCATALOG_COMPILER_APPICON_NAME = AppIcon;
				ASSETCATALOG_COMPILER_GLOBAL_ACCENT_COLOR_NAME = AccentColor;
				CODE_SIGN_STYLE = Automatic;
				CURRENT_PROJECT_VERSION = 1;
				GENERATE_INFOPLIST_FILE = YES;
				INFOPLIST_FILE = PoliceChase/Info.plist;
				INFOPLIST_KEY_UIApplicationSupportsIndirectInputEvents = YES;
				INFOPLIST_KEY_UILaunchStoryboardName = LaunchScreen;
				INFOPLIST_KEY_UIMainStoryboardFile = Main;
				INFOPLIST_KEY_UISupportedInterfaceOrientations_iPad = "UIInterfaceOrientationPortrait UIInterfaceOrientationPortraitUpsideDown UIInterfaceOrientationLandscapeLeft UIInterfaceOrientationLandscapeRight";
				INFOPLIST_KEY_UISupportedInterfaceOrientations_iPhone = "UIInterfaceOrientationPortrait UIInterfaceOrientationLandscapeLeft UIInterfaceOrientationLandscapeRight";
				LD_RUNPATH_SEARCH_PATHS = (
					"$(inherited)",
					"@executable_path/Frameworks",
				);
				MARKETING_VERSION = 1.0;
				PRODUCT_BUNDLE_IDENTIFIER = com.shivammaggu.PoliceChase;
				PRODUCT_NAME = "$(TARGET_NAME)";
				SWIFT_EMIT_LOC_STRINGS = YES;
				SWIFT_VERSION = 5.0;
				TARGETED_DEVICE_FAMILY = "1,2";
			};
			name = Release;
		};
		4097FBDB2B614032002FC779 /* Debug */ = {
			isa = XCBuildConfiguration;
			buildSettings = {
				ALWAYS_EMBED_SWIFT_STANDARD_LIBRARIES = YES;
				BUNDLE_LOADER = "$(TEST_HOST)";
				CODE_SIGN_STYLE = Automatic;
				CURRENT_PROJECT_VERSION = 1;
				GENERATE_INFOPLIST_FILE = YES;
				IPHONEOS_DEPLOYMENT_TARGET = 17.2;
				MARKETING_VERSION = 1.0;
				PRODUCT_BUNDLE_IDENTIFIER = com.shivammaggu.PoliceChaseTests;
				PRODUCT_NAME = "$(TARGET_NAME)";
				SWIFT_EMIT_LOC_STRINGS = NO;
				SWIFT_VERSION = 5.0;
				TARGETED_DEVICE_FAMILY = "1,2";
				TEST_HOST = "$(BUILT_PRODUCTS_DIR)/PoliceChase.app/$(BUNDLE_EXECUTABLE_FOLDER_PATH)/PoliceChase";
			};
			name = Debug;
		};
		4097FBDC2B614032002FC779 /* Release */ = {
			isa = XCBuildConfiguration;
			buildSettings = {
				ALWAYS_EMBED_SWIFT_STANDARD_LIBRARIES = YES;
				BUNDLE_LOADER = "$(TEST_HOST)";
				CODE_SIGN_STYLE = Automatic;
				CURRENT_PROJECT_VERSION = 1;
				GENERATE_INFOPLIST_FILE = YES;
				IPHONEOS_DEPLOYMENT_TARGET = 17.2;
				MARKETING_VERSION = 1.0;
				PRODUCT_BUNDLE_IDENTIFIER = com.shivammaggu.PoliceChaseTests;
				PRODUCT_NAME = "$(TARGET_NAME)";
				SWIFT_EMIT_LOC_STRINGS = NO;
				SWIFT_VERSION = 5.0;
				TARGETED_DEVICE_FAMILY = "1,2";
				TEST_HOST = "$(BUILT_PRODUCTS_DIR)/PoliceChase.app/$(BUNDLE_EXECUTABLE_FOLDER_PATH)/PoliceChase";
			};
			name = Release;
		};
		4097FBDE2B614032002FC779 /* Debug */ = {
			isa = XCBuildConfiguration;
			buildSettings = {
				ALWAYS_EMBED_SWIFT_STANDARD_LIBRARIES = YES;
				CODE_SIGN_STYLE = Automatic;
				CURRENT_PROJECT_VERSION = 1;
				GENERATE_INFOPLIST_FILE = YES;
				MARKETING_VERSION = 1.0;
				PRODUCT_BUNDLE_IDENTIFIER = com.shivammaggu.PoliceChaseUITests;
				PRODUCT_NAME = "$(TARGET_NAME)";
				SWIFT_EMIT_LOC_STRINGS = NO;
				SWIFT_VERSION = 5.0;
				TARGETED_DEVICE_FAMILY = "1,2";
				TEST_TARGET_NAME = PoliceChase;
			};
			name = Debug;
		};
		4097FBDF2B614032002FC779 /* Release */ = {
			isa = XCBuildConfiguration;
			buildSettings = {
				ALWAYS_EMBED_SWIFT_STANDARD_LIBRARIES = YES;
				CODE_SIGN_STYLE = Automatic;
				CURRENT_PROJECT_VERSION = 1;
				GENERATE_INFOPLIST_FILE = YES;
				MARKETING_VERSION = 1.0;
				PRODUCT_BUNDLE_IDENTIFIER = com.shivammaggu.PoliceChaseUITests;
				PRODUCT_NAME = "$(TARGET_NAME)";
				SWIFT_EMIT_LOC_STRINGS = NO;
				SWIFT_VERSION = 5.0;
				TARGETED_DEVICE_FAMILY = "1,2";
				TEST_TARGET_NAME = PoliceChase;
			};
			name = Release;
		};
/* End XCBuildConfiguration section */

/* Begin XCConfigurationList section */
		4097FBA82B614030002FC779 /* Build configuration list for PBXProject "PoliceChase" */ = {
			isa = XCConfigurationList;
			buildConfigurations = (
				4097FBD52B614032002FC779 /* Debug */,
				4097FBD62B614032002FC779 /* Release */,
			);
			defaultConfigurationIsVisible = 0;
			defaultConfigurationName = Release;
		};
		4097FBD72B614032002FC779 /* Build configuration list for PBXNativeTarget "PoliceChase" */ = {
			isa = XCConfigurationList;
			buildConfigurations = (
				4097FBD82B614032002FC779 /* Debug */,
				4097FBD92B614032002FC779 /* Release */,
			);
			defaultConfigurationIsVisible = 0;
			defaultConfigurationName = Release;
		};
		4097FBDA2B614032002FC779 /* Build configuration list for PBXNativeTarget "PoliceChaseTests" */ = {
			isa = XCConfigurationList;
			buildConfigurations = (
				4097FBDB2B614032002FC779 /* Debug */,
				4097FBDC2B614032002FC779 /* Release */,
			);
			defaultConfigurationIsVisible = 0;
			defaultConfigurationName = Release;
		};
		4097FBDD2B614032002FC779 /* Build configuration list for PBXNativeTarget "PoliceChaseUITests" */ = {
			isa = XCConfigurationList;
			buildConfigurations = (
				4097FBDE2B614032002FC779 /* Debug */,
				4097FBDF2B614032002FC779 /* Release */,
			);
			defaultConfigurationIsVisible = 0;
			defaultConfigurationName = Release;
		};
/* End XCConfigurationList section */
	};
	rootObject = 4097FBA52B614030002FC779 /* Project object */;
}
